
Microsoft Visual Studio Solution File, Format Version 12.00
# Visual Studio 14
VisualStudioVersion = 14.0.22609.0
MinimumVisualStudioVersion = 10.0.40219.1
Project("{FAE04EC0-301F-11D3-BF4B-00C04F79EFBC}") = "DriveAnalyzer", "DriveAnalyzer\DriveAnalyzer.csproj", "{8F33057D-6F0B-4883-884F-70C9B7A8E8F1}"
EndProject
Project("{FAE04EC0-301F-11D3-BF4B-00C04F79EFBC}") = "DriveAnalyzerLibrary", "DriveAnalyzerLibrary\DriveAnalyzerLibrary.csproj", "{2929330F-43B5-4E45-9E6B-CD2323EBDA7C}"
EndProject
Project("{FAE04EC0-301F-11D3-BF4B-00C04F79EFBC}") = "DriveAnalyzerGUI", "DriveAnalyzerGUI\DriveAnalyzerGUI.csproj", "{4451892E-C369-488F-90CE-EEB87E05913C}"
EndProject
Global
	GlobalSection(SolutionConfigurationPlatforms) = preSolution
		Debug|Any CPU = Debug|Any CPU
		Release|Any CPU = Release|Any CPU
	EndGlobalSection
	GlobalSection(ProjectConfigurationPlatforms) = postSolution
		{8F33057D-6F0B-4883-884F-70C9B7A8E8F1}.Debug|Any CPU.ActiveCfg = Debug|Any CPU
		{8F33057D-6F0B-4883-884F-70C9B7A8E8F1}.Debug|Any CPU.Build.0 = Debug|Any CPU
		{8F33057D-6F0B-4883-884F-70C9B7A8E8F1}.Release|Any CPU.ActiveCfg = Release|Any CPU
		{8F33057D-6F0B-4883-884F-70C9B7A8E8F1}.Release|Any CPU.Build.0 = Release|Any CPU
		{2929330F-43B5-4E45-9E6B-CD2323EBDA7C}.Debug|Any CPU.ActiveCfg = Debug|Any CPU
		{2929330F-43B5-4E45-9E6B-CD2323EBDA7C}.Debug|Any CPU.Build.0 = Debug|Any CPU
		{2929330F-43B5-4E45-9E6B-CD2323EBDA7C}.Release|Any CPU.ActiveCfg = Release|Any CPU
		{2929330F-43B5-4E45-9E6B-CD2323EBDA7C}.Release|Any CPU.Build.0 = Release|Any CPU
		{4451892E-C369-488F-90CE-EEB87E05913C}.Debug|Any CPU.ActiveCfg = Debug|Any CPU
		{4451892E-C369-488F-90CE-EEB87E05913C}.Debug|Any CPU.Build.0 = Debug|Any CPU
		{4451892E-C369-488F-90CE-EEB87E05913C}.Release|Any CPU.ActiveCfg = Release|Any CPU
		{4451892E-C369-488F-90CE-EEB87E05913C}.Release|Any CPU.Build.0 = Release|Any CPU
	EndGlobalSection
	GlobalSection(SolutionProperties) = preSolution
		HideSolutionNode = FALSE
	EndGlobalSection
EndGlobal
